
Microsoft Visual Studio Solution File, Format Version 12.00
# Visual Studio Version 17
VisualStudioVersion = 17.1.32228.430
MinimumVisualStudioVersion = 10.0.40219.1
Project("{FAE04EC0-301F-11D3-BF4B-00C04F79EFBC}") = "SyncfusionPDFTest.Android", "SyncfusionPDFTest\SyncfusionPDFTest.Android\SyncfusionPDFTest.Android.csproj", "{8CDE1EC5-D97E-44C4-A708-ADD3A216FC9F}"
EndProject
Project("{FAE04EC0-301F-11D3-BF4B-00C04F79EFBC}") = "SyncfusionPDFTest.iOS", "SyncfusionPDFTest\SyncfusionPDFTest.iOS\SyncfusionPDFTest.iOS.csproj", "{B581DB48-0D34-4EBB-AF60-47EC6B05C0A4}"
EndProject
Project("{FAE04EC0-301F-11D3-BF4B-00C04F79EFBC}") = "SyncfusionPDFTest", "SyncfusionPDFTest\SyncfusionPDFTest\SyncfusionPDFTest.csproj", "{D29A7C87-31A7-4A5C-BC3A-65AEFA101554}"
EndProject
Project("{FAE04EC0-301F-11D3-BF4B-00C04F79EFBC}") = "SyncfusionPDFTests", "SyncfusionPDFTests\SyncfusionPDFTests.csproj", "{3A523466-0C2D-4C65-9831-7AC90DD8EB11}"
EndProject
Global
	GlobalSection(SolutionConfigurationPlatforms) = preSolution
		Debug|Any CPU = Debug|Any CPU
		Debug|iPhone = Debug|iPhone
		Debug|iPhoneSimulator = Debug|iPhoneSimulator
		Release|Any CPU = Release|Any CPU
		Release|iPhone = Release|iPhone
		Release|iPhoneSimulator = Release|iPhoneSimulator
	EndGlobalSection
	GlobalSection(ProjectConfigurationPlatforms) = postSolution
		{8CDE1EC5-D97E-44C4-A708-ADD3A216FC9F}.Debug|Any CPU.ActiveCfg = Debug|Any CPU
		{8CDE1EC5-D97E-44C4-A708-ADD3A216FC9F}.Debug|Any CPU.Build.0 = Debug|Any CPU
		{8CDE1EC5-D97E-44C4-A708-ADD3A216FC9F}.Debug|Any CPU.Deploy.0 = Debug|Any CPU
		{8CDE1EC5-D97E-44C4-A708-ADD3A216FC9F}.Debug|iPhone.ActiveCfg = Debug|Any CPU
		{8CDE1EC5-D97E-44C4-A708-ADD3A216FC9F}.Debug|iPhone.Build.0 = Debug|Any CPU
		{8CDE1EC5-D97E-44C4-A708-ADD3A216FC9F}.Debug|iPhone.Deploy.0 = Debug|Any CPU
		{8CDE1EC5-D97E-44C4-A708-ADD3A216FC9F}.Debug|iPhoneSimulator.ActiveCfg = Debug|Any CPU
		{8CDE1EC5-D97E-44C4-A708-ADD3A216FC9F}.Debug|iPhoneSimulator.Build.0 = Debug|Any CPU
		{8CDE1EC5-D97E-44C4-A708-ADD3A216FC9F}.Debug|iPhoneSimulator.Deploy.0 = Debug|Any CPU
		{8CDE1EC5-D97E-44C4-A708-ADD3A216FC9F}.Release|Any CPU.ActiveCfg = Release|Any CPU
		{8CDE1EC5-D97E-44C4-A708-ADD3A216FC9F}.Release|Any CPU.Build.0 = Release|Any CPU
		{8CDE1EC5-D97E-44C4-A708-ADD3A216FC9F}.Release|Any CPU.Deploy.0 = Release|Any CPU
		{8CDE1EC5-D97E-44C4-A708-ADD3A216FC9F}.Release|iPhone.ActiveCfg = Release|Any CPU
		{8CDE1EC5-D97E-44C4-A708-ADD3A216FC9F}.Release|iPhone.Build.0 = Release|Any CPU
		{8CDE1EC5-D97E-44C4-A708-ADD3A216FC9F}.Release|iPhone.Deploy.0 = Release|Any CPU
		{8CDE1EC5-D97E-44C4-A708-ADD3A216FC9F}.Release|iPhoneSimulator.ActiveCfg = Release|Any CPU
		{8CDE1EC5-D97E-44C4-A708-ADD3A216FC9F}.Release|iPhoneSimulator.Build.0 = Release|Any CPU
		{8CDE1EC5-D97E-44C4-A708-ADD3A216FC9F}.Release|iPhoneSimulator.Deploy.0 = Release|Any CPU
		{B581DB48-0D34-4EBB-AF60-47EC6B05C0A4}.Debug|Any CPU.ActiveCfg = Debug|iPhone
		{B581DB48-0D34-4EBB-AF60-47EC6B05C0A4}.Debug|Any CPU.Build.0 = Debug|iPhone
		{B581DB48-0D34-4EBB-AF60-47EC6B05C0A4}.Debug|Any CPU.Deploy.0 = Debug|iPhone
		{B581DB48-0D34-4EBB-AF60-47EC6B05C0A4}.Debug|iPhone.ActiveCfg = Debug|iPhone
		{B581DB48-0D34-4EBB-AF60-47EC6B05C0A4}.Debug|iPhone.Build.0 = Debug|iPhone
		{B581DB48-0D34-4EBB-AF60-47EC6B05C0A4}.Debug|iPhone.Deploy.0 = Debug|iPhone
		{B581DB48-0D34-4EBB-AF60-47EC6B05C0A4}.Debug|iPhoneSimulator.ActiveCfg = Debug|iPhoneSimulator
		{B581DB48-0D34-4EBB-AF60-47EC6B05C0A4}.Debug|iPhoneSimulator.Build.0 = Debug|iPhoneSimulator
		{B581DB48-0D34-4EBB-AF60-47EC6B05C0A4}.Debug|iPhoneSimulator.Deploy.0 = Debug|iPhoneSimulator
		{B581DB48-0D34-4EBB-AF60-47EC6B05C0A4}.Release|Any CPU.ActiveCfg = Release|iPhoneSimulator
		{B581DB48-0D34-4EBB-AF60-47EC6B05C0A4}.Release|Any CPU.Build.0 = Release|iPhoneSimulator
		{B581DB48-0D34-4EBB-AF60-47EC6B05C0A4}.Release|Any CPU.Deploy.0 = Release|iPhoneSimulator
		{B581DB48-0D34-4EBB-AF60-47EC6B05C0A4}.Release|iPhone.ActiveCfg = Release|iPhone
		{B581DB48-0D34-4EBB-AF60-47EC6B05C0A4}.Release|iPhone.Build.0 = Release|iPhone
		{B581DB48-0D34-4EBB-AF60-47EC6B05C0A4}.Release|iPhone.Deploy.0 = Release|iPhone
		{B581DB48-0D34-4EBB-AF60-47EC6B05C0A4}.Release|iPhoneSimulator.ActiveCfg = Release|iPhoneSimulator
		{B581DB48-0D34-4EBB-AF60-47EC6B05C0A4}.Release|iPhoneSimulator.Build.0 = Release|iPhoneSimulator
		{B581DB48-0D34-4EBB-AF60-47EC6B05C0A4}.Release|iPhoneSimulator.Deploy.0 = Release|iPhoneSimulator
		{D29A7C87-31A7-4A5C-BC3A-65AEFA101554}.Debug|Any CPU.ActiveCfg = Debug|Any CPU
		{D29A7C87-31A7-4A5C-BC3A-65AEFA101554}.Debug|Any CPU.Build.0 = Debug|Any CPU
		{D29A7C87-31A7-4A5C-BC3A-65AEFA101554}.Debug|Any CPU.Deploy.0 = Debug|Any CPU
		{D29A7C87-31A7-4A5C-BC3A-65AEFA101554}.Debug|iPhone.ActiveCfg = Debug|Any CPU
		{D29A7C87-31A7-4A5C-BC3A-65AEFA101554}.Debug|iPhone.Build.0 = Debug|Any CPU
		{D29A7C87-31A7-4A5C-BC3A-65AEFA101554}.Debug|iPhone.Deploy.0 = Debug|Any CPU
		{D29A7C87-31A7-4A5C-BC3A-65AEFA101554}.Debug|iPhoneSimulator.ActiveCfg = Debug|Any CPU
		{D29A7C87-31A7-4A5C-BC3A-65AEFA101554}.Debug|iPhoneSimulator.Build.0 = Debug|Any CPU
		{D29A7C87-31A7-4A5C-BC3A-65AEFA101554}.Debug|iPhoneSimulator.Deploy.0 = Debug|Any CPU
		{D29A7C87-31A7-4A5C-BC3A-65AEFA101554}.Release|Any CPU.ActiveCfg = Release|Any CPU
		{D29A7C87-31A7-4A5C-BC3A-65AEFA101554}.Release|Any CPU.Build.0 = Release|Any CPU
		{D29A7C87-31A7-4A5C-BC3A-65AEFA101554}.Release|Any CPU.Deploy.0 = Release|Any CPU
		{D29A7C87-31A7-4A5C-BC3A-65AEFA101554}.Release|iPhone.ActiveCfg = Release|Any CPU
		{D29A7C87-31A7-4A5C-BC3A-65AEFA101554}.Release|iPhone.Build.0 = Release|Any CPU
		{D29A7C87-31A7-4A5C-BC3A-65AEFA101554}.Release|iPhone.Deploy.0 = Release|Any CPU
		{D29A7C87-31A7-4A5C-BC3A-65AEFA101554}.Release|iPhoneSimulator.ActiveCfg = Release|Any CPU
		{D29A7C87-31A7-4A5C-BC3A-65AEFA101554}.Release|iPhoneSimulator.Build.0 = Release|Any CPU
		{D29A7C87-31A7-4A5C-BC3A-65AEFA101554}.Release|iPhoneSimulator.Deploy.0 = Release|Any CPU
		{3A523466-0C2D-4C65-9831-7AC90DD8EB11}.Debug|Any CPU.ActiveCfg = Debug|Any CPU
		{3A523466-0C2D-4C65-9831-7AC90DD8EB11}.Debug|Any CPU.Build.0 = Debug|Any CPU
		{3A523466-0C2D-4C65-9831-7AC90DD8EB11}.Debug|iPhone.ActiveCfg = Debug|Any CPU
		{3A523466-0C2D-4C65-9831-7AC90DD8EB11}.Debug|iPhone.Build.0 = Debug|Any CPU
		{3A523466-0C2D-4C65-9831-7AC90DD8EB11}.Debug|iPhoneSimulator.ActiveCfg = Debug|Any CPU
		{3A523466-0C2D-4C65-9831-7AC90DD8EB11}.Debug|iPhoneSimulator.Build.0 = Debug|Any CPU
		{3A523466-0C2D-4C65-9831-7AC90DD8EB11}.Release|Any CPU.ActiveCfg = Release|Any CPU
		{3A523466-0C2D-4C65-9831-7AC90DD8EB11}.Release|Any CPU.Build.0 = Release|Any CPU
		{3A523466-0C2D-4C65-9831-7AC90DD8EB11}.Release|iPhone.ActiveCfg = Release|Any CPU
		{3A523466-0C2D-4C65-9831-7AC90DD8EB11}.Release|iPhone.Build.0 = Release|Any CPU
		{3A523466-0C2D-4C65-9831-7AC90DD8EB11}.Release|iPhoneSimulator.ActiveCfg = Release|Any CPU
		{3A523466-0C2D-4C65-9831-7AC90DD8EB11}.Release|iPhoneSimulator.Build.0 = Release|Any CPU
	EndGlobalSection
	GlobalSection(SolutionProperties) = preSolution
		HideSolutionNode = FALSE
	EndGlobalSection
	GlobalSection(ExtensibilityGlobals) = postSolution
		SolutionGuid = {EFB5A0EA-7906-4C80-AD88-EFE1E5816731}
	EndGlobalSection
EndGlobal
